
Microsoft Visual Studio Solution File, Format Version 12.00
# Visual Studio 15
VisualStudioVersion = 15.0.28306.52
MinimumVisualStudioVersion = 10.0.40219.1
Project("{FAE04EC0-301F-11D3-BF4B-00C04F79EFBC}") = "server cliente thread", "server cliente thread.csproj", "{6C1D4FBD-EDBA-459C-9EBE-C89EB6F15EA5}"
EndProject
Global
	GlobalSection(SolutionConfigurationPlatforms) = preSolution
		Debug|Any CPU = Debug|Any CPU
		Release|Any CPU = Release|Any CPU
	EndGlobalSection
	GlobalSection(ProjectConfigurationPlatforms) = postSolution
		{6C1D4FBD-EDBA-459C-9EBE-C89EB6F15EA5}.Debug|Any CPU.ActiveCfg = Debug|Any CPU
		{6C1D4FBD-EDBA-459C-9EBE-C89EB6F15EA5}.Debug|Any CPU.Build.0 = Debug|Any CPU
		{6C1D4FBD-EDBA-459C-9EBE-C89EB6F15EA5}.Release|Any CPU.ActiveCfg = Release|Any CPU
		{6C1D4FBD-EDBA-459C-9EBE-C89EB6F15EA5}.Release|Any CPU.Build.0 = Release|Any CPU
	EndGlobalSection
	GlobalSection(SolutionProperties) = preSolution
		HideSolutionNode = FALSE
	EndGlobalSection
	GlobalSection(ExtensibilityGlobals) = postSolution
		SolutionGuid = {A52C5898-5C87-40EB-862E-9603E2AB6BE9}
	EndGlobalSection
EndGlobal
